{
  "nodes": {
    "flake-parts": {
      "inputs": {
        "nixpkgs-lib": "nixpkgs-lib"
      },
      "locked": {
        "lastModified": 1712014858,
        "narHash": "sha256-sB4SWl2lX95bExY2gMFG5HIzvva5AVMJd4Igm+GpZNw=",
        "owner": "hercules-ci",
        "repo": "flake-parts",
        "rev": "9126214d0a59633752a136528f5f3b9aa8565b7d",
        "type": "github"
      },
      "original": {
        "id": "flake-parts",
        "type": "indirect"
      }
    },
    "nixpkgs": {
      "locked": {
        "lastModified": 1774172238,
        "narHash": "sha256-MztITmHVOjFxf9VqHh9m9TBXA/8oTuyDHiGZPwFQPdk=",
        "owner": "nixos",
        "repo": "nixpkgs",
        "rev": "2ad538b581140f35dc3821b54905eb3781e612e4",
        "type": "github"
      },
      "original": {
        "owner": "nixos",
        "ref": "release-25.11",
        "repo": "nixpkgs",
        "type": "github"
      }
    },
    "nixpkgs-hugo": {
      "locked": {
        "lastModified": 1774104003,
        "narHash": "sha256-hkbNyfkTj5hQIIYUXO5eMHfZWfA1+M/EjvyJ6B+JTgQ=",
        "owner": "savtrip",
        "repo": "nixpkgs",
        "rev": "0790c02eaffe4ddfbbfb5bb25d5cc1033a74b3ff",
        "type": "github"
      },
      "original": {
        "owner": "savtrip",
        "repo": "nixpkgs",
        "rev": "0790c02eaffe4ddfbbfb5bb25d5cc1033a74b3ff",
        "type": "github"
      }
    },
    "nixpkgs-lib": {
      "locked": {
        "dir": "lib",
        "lastModified": 1711703276,
        "narHash": "sha256-iMUFArF0WCatKK6RzfUJknjem0H9m4KgorO/p3Dopkk=",
        "owner": "NixOS",
        "repo": "nixpkgs",
        "rev": "d8fe5e6c92d0d190646fb9f1056741a229980089",
        "type": "github"
      },
      "original": {
        "dir": "lib",
        "owner": "NixOS",
        "ref": "nixos-unstable",
        "repo": "nixpkgs",
        "type": "github"
      }
    },
    "root": {
      "inputs": {
        "flake-parts": "flake-parts",
        "nixpkgs": "nixpkgs",
        "nixpkgs-hugo": "nixpkgs-hugo"
      }
    }
  },
  "root": "root",
  "version": 7
}
