github.com/joaothallis/congo/v2 v2.0.0-20260322140457-c67c33ef14b4 h1:0OXlF9SovJ46zjJrK4iVER1cuqjwqiv8587cO9nhLRM=
github.com/joaothallis/congo/v2 v2.0.0-20260322140457-c67c33ef14b4/go.mod h1:1S7DRoO1ZYS4YUdFd1LjTkdyjQwsjFWd8TqSfz3Jd+M=
github.com/jpanther/congo/v2 v2.13.0 h1:kI73uW3e9aiPuN9so6lzZg+iEW8UVTmIPCNZvJ1cijI=
github.com/jpanther/congo/v2 v2.13.0/go.mod h1:1S7DRoO1ZYS4YUdFd1LjTkdyjQwsjFWd8TqSfz3Jd+M=
